
Microsoft Visual Studio Solution File, Format Version 12.00
# Visual Studio Version 16
VisualStudioVersion = 16.0.31313.79
MinimumVisualStudioVersion = 10.0.40219.1
Project("{FAE04EC0-301F-11D3-BF4B-00C04F79EFBC}") = "CVtest", "CVtest\CVtest.csproj", "{551751EF-2D79-4783-834C-C4966E3D5722}"
EndProject
Global
	GlobalSection(SolutionConfigurationPlatforms) = preSolution
		Debug|Any CPU = Debug|Any CPU
		Release|Any CPU = Release|Any CPU
	EndGlobalSection
	GlobalSection(ProjectConfigurationPlatforms) = postSolution
		{551751EF-2D79-4783-834C-C4966E3D5722}.Debug|Any CPU.ActiveCfg = Debug|Any CPU
		{551751EF-2D79-4783-834C-C4966E3D5722}.Debug|Any CPU.Build.0 = Debug|Any CPU
		{551751EF-2D79-4783-834C-C4966E3D5722}.Release|Any CPU.ActiveCfg = Release|Any CPU
		{551751EF-2D79-4783-834C-C4966E3D5722}.Release|Any CPU.Build.0 = Release|Any CPU
	EndGlobalSection
	GlobalSection(SolutionProperties) = preSolution
		HideSolutionNode = FALSE
	EndGlobalSection
	GlobalSection(ExtensibilityGlobals) = postSolution
		SolutionGuid = {5039E6FD-9F65-4847-87CE-09E0E0EF1A90}
	EndGlobalSection
EndGlobal
